
Microsoft Visual Studio Solution File, Format Version 12.00
# Visual Studio Version 16
VisualStudioVersion = 16.0.31515.178
MinimumVisualStudioVersion = 10.0.40219.1
Project("{8BC9CEB8-8B4A-11D0-8D11-00A0C91BC942}") = "Xonix", "Xonix\Xonix.vcxproj", "{D1CB5229-A12B-4850-9DC8-3CCA79054013}"
EndProject
Global
	GlobalSection(SolutionConfigurationPlatforms) = preSolution
		Debug|x64 = Debug|x64
		Debug|x86 = Debug|x86
		Release|x64 = Release|x64
		Release|x86 = Release|x86
	EndGlobalSection
	GlobalSection(ProjectConfigurationPlatforms) = postSolution
		{D1CB5229-A12B-4850-9DC8-3CCA79054013}.Debug|x64.ActiveCfg = Debug|x64
		{D1CB5229-A12B-4850-9DC8-3CCA79054013}.Debug|x64.Build.0 = Debug|x64
		{D1CB5229-A12B-4850-9DC8-3CCA79054013}.Debug|x86.ActiveCfg = Debug|Win32
		{D1CB5229-A12B-4850-9DC8-3CCA79054013}.Debug|x86.Build.0 = Debug|Win32
		{D1CB5229-A12B-4850-9DC8-3CCA79054013}.Release|x64.ActiveCfg = Release|x64
		{D1CB5229-A12B-4850-9DC8-3CCA79054013}.Release|x64.Build.0 = Release|x64
		{D1CB5229-A12B-4850-9DC8-3CCA79054013}.Release|x86.ActiveCfg = Release|Win32
		{D1CB5229-A12B-4850-9DC8-3CCA79054013}.Release|x86.Build.0 = Release|Win32
	EndGlobalSection
	GlobalSection(SolutionProperties) = preSolution
		HideSolutionNode = FALSE
	EndGlobalSection
	GlobalSection(ExtensibilityGlobals) = postSolution
		SolutionGuid = {92ED0EA4-E065-4797-A70F-E6A768C0657B}
	EndGlobalSection
EndGlobal
